
Microsoft Visual Studio Solution File, Format Version 12.00
Project("{FAE04EC0-301F-11D3-BF4B-00C04F79EFBC}") = "barmanC", "barmanC\barmanC.csproj", "{64042363-8295-42C1-AE31-579A3A8A6FB5}"
EndProject
Global
	GlobalSection(SolutionConfigurationPlatforms) = preSolution
		Debug|Any CPU = Debug|Any CPU
		Release|Any CPU = Release|Any CPU
	EndGlobalSection
	GlobalSection(ProjectConfigurationPlatforms) = postSolution
		{64042363-8295-42C1-AE31-579A3A8A6FB5}.Debug|Any CPU.ActiveCfg = Debug|Any CPU
		{64042363-8295-42C1-AE31-579A3A8A6FB5}.Debug|Any CPU.Build.0 = Debug|Any CPU
		{64042363-8295-42C1-AE31-579A3A8A6FB5}.Release|Any CPU.ActiveCfg = Release|Any CPU
		{64042363-8295-42C1-AE31-579A3A8A6FB5}.Release|Any CPU.Build.0 = Release|Any CPU
	EndGlobalSection
EndGlobal
